// !$*UTF8*$!
{
	archiveVersion = 1;
	classes = {
	};
	objectVersion = 48;
	objects = {

/* Begin PBXBuildFile section */
		38D420722020BD91008FA6C2 /* main.cpp in Sources */ = {isa = PBXBuildFile; fileRef = 38D420712020BD91008FA6C2 /* main.cpp */; };
		38D4207A2020BE57008FA6C2 /* C45.cpp in Sources */ = {isa = PBXBuildFile; fileRef = 38D420782020BE57008FA6C2 /* C45.cpp */; };
		38D4207D2020BE8A008FA6C2 /* csvTovector.cpp in Sources */ = {isa = PBXBuildFile; fileRef = 38D4207B2020BE8A008FA6C2 /* csvTovector.cpp */; };
		38D420802020BEBD008FA6C2 /* IGCalculator.cpp in Sources */ = {isa = PBXBuildFile; fileRef = 38D4207E2020BEBD008FA6C2 /* IGCalculator.cpp */; };
		38D420832020BEEA008FA6C2 /* traversal.cpp in Sources */ = {isa = PBXBuildFile; fileRef = 38D420812020BEEA008FA6C2 /* traversal.cpp */; };
/* End PBXBuildFile section */

/* Begin PBXCopyFilesBuildPhase section */
		38D4206C2020BD91008FA6C2 /* CopyFiles */ = {
			isa = PBXCopyFilesBuildPhase;
			buildActionMask = 2147483647;
			dstPath = /usr/share/man/man1/;
			dstSubfolderSpec = 0;
			files = (
			);
			runOnlyForDeploymentPostprocessing = 1;
		};
/* End PBXCopyFilesBuildPhase section */

/* Begin PBXFileReference section */
		38D4206E2020BD91008FA6C2 /* C45 */ = {isa = PBXFileReference; explicitFileType = "compiled.mach-o.executable"; includeInIndex = 0; path = C45; sourceTree = BUILT_PRODUCTS_DIR; };
		38D420712020BD91008FA6C2 /* main.cpp */ = {isa = PBXFileReference; lastKnownFileType = sourcecode.cpp.cpp; path = main.cpp; sourceTree = "<group>"; };
		38D420782020BE57008FA6C2 /* C45.cpp */ = {isa = PBXFileReference; lastKnownFileType = sourcecode.cpp.cpp; path = C45.cpp; sourceTree = "<group>"; };
		38D420792020BE57008FA6C2 /* C45.hpp */ = {isa = PBXFileReference; lastKnownFileType = sourcecode.cpp.h; path = C45.hpp; sourceTree = "<group>"; };
		38D4207B2020BE8A008FA6C2 /* csvTovector.cpp */ = {isa = PBXFileReference; lastKnownFileType = sourcecode.cpp.cpp; path = csvTovector.cpp; sourceTree = "<group>"; };
		38D4207C2020BE8A008FA6C2 /* csvTovector.hpp */ = {isa = PBXFileReference; lastKnownFileType = sourcecode.cpp.h; path = csvTovector.hpp; sourceTree = "<group>"; };
		38D4207E2020BEBD008FA6C2 /* IGCalculator.cpp */ = {isa = PBXFileReference; lastKnownFileType = sourcecode.cpp.cpp; path = IGCalculator.cpp; sourceTree = "<group>"; };
		38D4207F2020BEBD008FA6C2 /* IGCalculator.hpp */ = {isa = PBXFileReference; lastKnownFileType = sourcecode.cpp.h; path = IGCalculator.hpp; sourceTree = "<group>"; };
		38D420812020BEEA008FA6C2 /* traversal.cpp */ = {isa = PBXFileReference; lastKnownFileType = sourcecode.cpp.cpp; path = traversal.cpp; sourceTree = "<group>"; };
		38D420822020BEEA008FA6C2 /* traversal.hpp */ = {isa = PBXFileReference; lastKnownFileType = sourcecode.cpp.h; path = traversal.hpp; sourceTree = "<group>"; };
/* End PBXFileReference section */

/* Begin PBXFrameworksBuildPhase section */
		38D4206B2020BD91008FA6C2 /* Frameworks */ = {
			isa = PBXFrameworksBuildPhase;
			buildActionMask = 2147483647;
			files = (
			);
			runOnlyForDeploymentPostprocessing = 0;
		};
/* End PBXFrameworksBuildPhase section */

/* Begin PBXGroup section */
		38D420652020BD91008FA6C2 = {
			isa = PBXGroup;
			children = (
				38D420702020BD91008FA6C2 /* C45 */,
				38D4206F2020BD91008FA6C2 /* Products */,
			);
			sourceTree = "<group>";
		};
		38D4206F2020BD91008FA6C2 /* Products */ = {
			isa = PBXGroup;
			children = (
				38D4206E2020BD91008FA6C2 /* C45 */,
			);
			name = Products;
			sourceTree = "<group>";
		};
		38D420702020BD91008FA6C2 /* C45 */ = {
			isa = PBXGroup;
			children = (
				38D420712020BD91008FA6C2 /* main.cpp */,
				38D420782020BE57008FA6C2 /* C45.cpp */,
				38D420792020BE57008FA6C2 /* C45.hpp */,
				38D4207B2020BE8A008FA6C2 /* csvTovector.cpp */,
				38D4207C2020BE8A008FA6C2 /* csvTovector.hpp */,
				38D4207E2020BEBD008FA6C2 /* IGCalculator.cpp */,
				38D4207F2020BEBD008FA6C2 /* IGCalculator.hpp */,
				38D420812020BEEA008FA6C2 /* traversal.cpp */,
				38D420822020BEEA008FA6C2 /* traversal.hpp */,
			);
			path = C45;
			sourceTree = "<group>";
		};
/* End PBXGroup section */

/* Begin PBXNativeTarget section */
		38D4206D2020BD91008FA6C2 /* C45 */ = {
			isa = PBXNativeTarget;
			buildConfigurationList = 38D420752020BD91008FA6C2 /* Build configuration list for PBXNativeTarget "C45" */;
			buildPhases = (
				38D4206A2020BD91008FA6C2 /* Sources */,
				38D4206B2020BD91008FA6C2 /* Frameworks */,
				38D4206C2020BD91008FA6C2 /* CopyFiles */,
			);
			buildRules = (
			);
			dependencies = (
			);
			name = C45;
			productName = C45;
			productReference = 38D4206E2020BD91008FA6C2 /* C45 */;
			productType = "com.apple.product-type.tool";
		};
/* End PBXNativeTarget section */

/* Begin PBXProject section */
		38D420662020BD91008FA6C2 /* Project object */ = {
			isa = PBXProject;
			attributes = {
				LastUpgradeCheck = 0920;
				ORGANIZATIONNAME = "GEHUN HANGBO";
				TargetAttributes = {
					38D4206D2020BD91008FA6C2 = {
						CreatedOnToolsVersion = 9.2;
						ProvisioningStyle = Automatic;
					};
				};
			};
			buildConfigurationList = 38D420692020BD91008FA6C2 /* Build configuration list for PBXProject "C45" */;
			compatibilityVersion = "Xcode 8.0";
			developmentRegion = en;
			hasScannedForEncodings = 0;
			knownRegions = (
				en,
			);
			mainGroup = 38D420652020BD91008FA6C2;
			productRefGroup = 38D4206F2020BD91008FA6C2 /* Products */;
			projectDirPath = "";
			projectRoot = "";
			targets = (
				38D4206D2020BD91008FA6C2 /* C45 */,
			);
		};
/* End PBXProject section */

/* Begin PBXSourcesBuildPhase section */
		38D4206A2020BD91008FA6C2 /* Sources */ = {
			isa = PBXSourcesBuildPhase;
			buildActionMask = 2147483647;
			files = (
				38D4207A2020BE57008FA6C2 /* C45.cpp in Sources */,
				38D420722020BD91008FA6C2 /* main.cpp in Sources */,
				38D4207D2020BE8A008FA6C2 /* csvTovector.cpp in Sources */,
				38D420832020BEEA008FA6C2 /* traversal.cpp in Sources */,
				38D420802020BEBD008FA6C2 /* IGCalculator.cpp in Sources */,
			);
			runOnlyForDeploymentPostprocessing = 0;
		};
/* End PBXSourcesBuildPhase section */

/* Begin XCBuildConfiguration section */
		38D420732020BD91008FA6C2 /* Debug */ = {
			isa = XCBuildConfiguration;
			buildSettings = {
				ALWAYS_SEARCH_USER_PATHS = NO;
				CLANG_ANALYZER_NONNULL = YES;
				CLANG_ANALYZER_NUMBER_OBJECT_CONVERSION = YES_AGGRESSIVE;
				CLANG_CXX_LANGUAGE_STANDARD = "gnu++14";
				CLANG_CXX_LIBRARY = "libc++";
				CLANG_ENABLE_MODULES = YES;
				CLANG_ENABLE_OBJC_ARC = YES;
				CLANG_WARN_BLOCK_CAPTURE_AUTORELEASING = YES;
				CLANG_WARN_BOOL_CONVERSION = YES;
				CLANG_WARN_COMMA = YES;
				CLANG_WARN_CONSTANT_CONVERSION = YES;
				CLANG_WARN_DIRECT_OBJC_ISA_USAGE = YES_ERROR;
				CLANG_WARN_DOCUMENTATION_COMMENTS = YES;
				CLANG_WARN_EMPTY_BODY = YES;
				CLANG_WARN_ENUM_CONVERSION = YES;
				CLANG_WARN_INFINITE_RECURSION = YES;
				CLANG_WARN_INT_CONVERSION = YES;
				CLANG_WARN_NON_LITERAL_NULL_CONVERSION = YES;
				CLANG_WARN_OBJC_LITERAL_CONVERSION = YES;
				CLANG_WARN_OBJC_ROOT_CLASS = YES_ERROR;
				CLANG_WARN_RANGE_LOOP_ANALYSIS = YES;
				CLANG_WARN_STRICT_PROTOTYPES = YES;
				CLANG_WARN_SUSPICIOUS_MOVE = YES;
				CLANG_WARN_UNGUARDED_AVAILABILITY = YES_AGGRESSIVE;
				CLANG_WARN_UNREACHABLE_CODE = YES;
				CLANG_WARN__DUPLICATE_METHOD_MATCH = YES;
				CODE_SIGN_IDENTITY = "-";
				COPY_PHASE_STRIP = NO;
				DEBUG_INFORMATION_FORMAT = dwarf;
				ENABLE_STRICT_OBJC_MSGSEND = YES;
				ENABLE_TESTABILITY = YES;
				GCC_C_LANGUAGE_STANDARD = gnu11;
				GCC_DYNAMIC_NO_PIC = NO;
				GCC_NO_COMMON_BLOCKS = YES;
				GCC_OPTIMIZATION_LEVEL = 0;
				GCC_PREPROCESSOR_DEFINITIONS = (
					"DEBUG=1",
					"$(inherited)",
				);
				GCC_WARN_64_TO_32_BIT_CONVERSION = YES;
				GCC_WARN_ABOUT_RETURN_TYPE = YES_ERROR;
				GCC_WARN_UNDECLARED_SELECTOR = YES;
				GCC_WARN_UNINITIALIZED_AUTOS = YES_AGGRESSIVE;
				GCC_WARN_UNUSED_FUNCTION = YES;
				GCC_WARN_UNUSED_VARIABLE = YES;
				MACOSX_DEPLOYMENT_TARGET = 10.13;
				MTL_ENABLE_DEBUG_INFO = YES;
				ONLY_ACTIVE_ARCH = YES;
				SDKROOT = macosx;
			};
			name = Debug;
		};
		38D420742020BD91008FA6C2 /* Release */ = {
			isa = XCBuildConfiguration;
			buildSettings = {
				ALWAYS_SEARCH_USER_PATHS = NO;
				CLANG_ANALYZER_NONNULL = YES;
				CLANG_ANALYZER_NUMBER_OBJECT_CONVERSION = YES_AGGRESSIVE;
				CLANG_CXX_LANGUAGE_STANDARD = "gnu++14";
				CLANG_CXX_LIBRARY = "libc++";
				CLANG_ENABLE_MODULES = YES;
				CLANG_ENABLE_OBJC_ARC = YES;
				CLANG_WARN_BLOCK_CAPTURE_AUTORELEASING = YES;
				CLANG_WARN_BOOL_CONVERSION = YES;
				CLANG_WARN_COMMA = YES;
				CLANG_WARN_CONSTANT_CONVERSION = YES;
				CLANG_WARN_DIRECT_OBJC_ISA_USAGE = YES_ERROR;
				CLANG_WARN_DOCUMENTATION_COMMENTS = YES;
				CLANG_WARN_EMPTY_BODY = YES;
				CLANG_WARN_ENUM_CONVERSION = YES;
				CLANG_WARN_INFINITE_RECURSION = YES;
				CLANG_WARN_INT_CONVERSION = YES;
				CLANG_WARN_NON_LITERAL_NULL_CONVERSION = YES;
				CLANG_WARN_OBJC_LITERAL_CONVERSION = YES;
				CLANG_WARN_OBJC_ROOT_CLASS = YES_ERROR;
				CLANG_WARN_RANGE_LOOP_ANALYSIS = YES;
				CLANG_WARN_STRICT_PROTOTYPES = YES;
				CLANG_WARN_SUSPICIOUS_MOVE = YES;
				CLANG_WARN_UNGUARDED_AVAILABILITY = YES_AGGRESSIVE;
				CLANG_WARN_UNREACHABLE_CODE = YES;
				CLANG_WARN__DUPLICATE_METHOD_MATCH = YES;
				CODE_SIGN_IDENTITY = "-";
				COPY_PHASE_STRIP = NO;
				DEBUG_INFORMATION_FORMAT = "dwarf-with-dsym";
				ENABLE_NS_ASSERTIONS = NO;
				ENABLE_STRICT_OBJC_MSGSEND = YES;
				GCC_C_LANGUAGE_STANDARD = gnu11;
				GCC_NO_COMMON_BLOCKS = YES;
				GCC_WARN_64_TO_32_BIT_CONVERSION = YES;
				GCC_WARN_ABOUT_RETURN_TYPE = YES_ERROR;
				GCC_WARN_UNDECLARED_SELECTOR = YES;
				GCC_WARN_UNINITIALIZED_AUTOS = YES_AGGRESSIVE;
				GCC_WARN_UNUSED_FUNCTION = YES;
				GCC_WARN_UNUSED_VARIABLE = YES;
				MACOSX_DEPLOYMENT_TARGET = 10.13;
				MTL_ENABLE_DEBUG_INFO = NO;
				SDKROOT = macosx;
			};
			name = Release;
		};
		38D420762020BD91008FA6C2 /* Debug */ = {
			isa = XCBuildConfiguration;
			buildSettings = {
				CODE_SIGN_STYLE = Automatic;
				PRODUCT_NAME = "$(TARGET_NAME)";
			};
			name = Debug;
		};
		38D420772020BD91008FA6C2 /* Release */ = {
			isa = XCBuildConfiguration;
			buildSettings = {
				CODE_SIGN_STYLE = Automatic;
				PRODUCT_NAME = "$(TARGET_NAME)";
			};
			name = Release;
		};
/* End XCBuildConfiguration section */

/* Begin XCConfigurationList section */
		38D420692020BD91008FA6C2 /* Build configuration list for PBXProject "C45" */ = {
			isa = XCConfigurationList;
			buildConfigurations = (
				38D420732020BD91008FA6C2 /* Debug */,
				38D420742020BD91008FA6C2 /* Release */,
			);
			defaultConfigurationIsVisible = 0;
			defaultConfigurationName = Release;
		};
		38D420752020BD91008FA6C2 /* Build configuration list for PBXNativeTarget "C45" */ = {
			isa = XCConfigurationList;
			buildConfigurations = (
				38D420762020BD91008FA6C2 /* Debug */,
				38D420772020BD91008FA6C2 /* Release */,
			);
			defaultConfigurationIsVisible = 0;
			defaultConfigurationName = Release;
		};
/* End XCConfigurationList section */
	};
	rootObject = 38D420662020BD91008FA6C2 /* Project object */;
}
